
Microsoft Visual Studio Solution File, Format Version 12.00
# Visual Studio 15
VisualStudioVersion = 15.0.28307.102
MinimumVisualStudioVersion = 10.0.40219.1
Project("{FAE04EC0-301F-11D3-BF4B-00C04F79EFBC}") = "RazorPagesMovie", "RazorPagesMovie\RazorPagesMovie.csproj", "{765ED938-BABD-41E1-83E3-E25F499206F2}"
EndProject
Global
	GlobalSection(SolutionConfigurationPlatforms) = preSolution
		Debug|Any CPU = Debug|Any CPU
		Release|Any CPU = Release|Any CPU
	EndGlobalSection
	GlobalSection(ProjectConfigurationPlatforms) = postSolution
		{765ED938-BABD-41E1-83E3-E25F499206F2}.Debug|Any CPU.ActiveCfg = Debug|Any CPU
		{765ED938-BABD-41E1-83E3-E25F499206F2}.Debug|Any CPU.Build.0 = Debug|Any CPU
		{765ED938-BABD-41E1-83E3-E25F499206F2}.Release|Any CPU.ActiveCfg = Release|Any CPU
		{765ED938-BABD-41E1-83E3-E25F499206F2}.Release|Any CPU.Build.0 = Release|Any CPU
	EndGlobalSection
	GlobalSection(SolutionProperties) = preSolution
		HideSolutionNode = FALSE
	EndGlobalSection
	GlobalSection(ExtensibilityGlobals) = postSolution
		SolutionGuid = {07A95F84-E937-4A48-A692-E993C916B617}
	EndGlobalSection
EndGlobal
